<?xml version="1.0" encoding="utf-8"?>
<Project ToolsVersion="4.0" xmlns="http://schemas.microsoft.com/developer/msbuild/2003">
  <ItemGroup>
    <Filter Include="소스 파일">
      <UniqueIdentifier>{4FC737F1-C7A5-4376-A066-2A32D752A2FF}</UniqueIdentifier>
      <Extensions>cpp;c;cc;cxx;def;odl;idl;hpj;bat;asm;asmx</Extensions>
    </Filter>
    <Filter Include="헤더 파일">
      <UniqueIdentifier>{93995380-89BD-4b04-88EB-625FBE52EBFB}</UniqueIdentifier>
      <Extensions>h;hh;hpp;hxx;hm;inl;inc;xsd</Extensions>
    </Filter>
    <Filter Include="리소스 파일">
      <UniqueIdentifier>{67DA6AB6-F800-4c08-8B7A-83BB121AAD01}</UniqueIdentifier>
      <Extensions>rc;ico;cur;bmp;dlg;rc2;rct;bin;rgs;gif;jpg;jpeg;jpe;resx;tiff;tif;png;wav;mfcribbon-ms</Extensions>
    </Filter>
    <Filter Include="CShadeButtonST">
      <UniqueIdentifier>{009260e8-6cf4-4a24-8b31-13d0bc195eaa}</UniqueIdentifier>
    </Filter>
    <Filter Include="Define">
      <UniqueIdentifier>{6b016a90-5ad7-48ff-9701-c499ae29921c}</UniqueIdentifier>
    </Filter>
    <Filter Include="JTAG">
      <UniqueIdentifier>{c7524157-516c-42e0-8c5a-30f2e0542020}</UniqueIdentifier>
    </Filter>
  </ItemGroup>
  <ItemGroup>
    <Text Include="ReadMe.txt" />
  </ItemGroup>
  <ItemGroup>
    <ClInclude Include="JTAGDebugger.h">
      <Filter>헤더 파일</Filter>
    </ClInclude>
    <ClInclude Include="JTAGDebuggerDlg.h">
      <Filter>헤더 파일</Filter>
    </ClInclude>
    <ClInclude Include="stdafx.h">
      <Filter>헤더 파일</Filter>
    </ClInclude>
    <ClInclude Include="targetver.h">
      <Filter>헤더 파일</Filter>
    </ClInclude>
    <ClInclude Include="Resource.h">
      <Filter>헤더 파일</Filter>
    </ClInclude>
    <ClInclude Include="lib\CLI.h">
      <Filter>헤더 파일</Filter>
    </ClInclude>
    <ClInclude Include="BtnST.h">
      <Filter>CShadeButtonST</Filter>
    </ClInclude>
    <ClInclude Include="ShadeButtonST.h">
      <Filter>CShadeButtonST</Filter>
    </ClInclude>
    <ClInclude Include="xDib.h">
      <Filter>CShadeButtonST</Filter>
    </ClInclude>
    <ClInclude Include="Define.h">
      <Filter>Define</Filter>
    </ClInclude>
    <ClInclude Include="jtag_def.h">
      <Filter>JTAG</Filter>
    </ClInclude>
    <ClInclude Include="jtag_flash.h">
      <Filter>JTAG</Filter>
    </ClInclude>
  </ItemGroup>
  <ItemGroup>
    <ClCompile Include="JTAGDebugger.cpp">
      <Filter>소스 파일</Filter>
    </ClCompile>
    <ClCompile Include="JTAGDebuggerDlg.cpp">
      <Filter>소스 파일</Filter>
    </ClCompile>
    <ClCompile Include="stdafx.cpp">
      <Filter>소스 파일</Filter>
    </ClCompile>
    <ClCompile Include="BtnST.cpp">
      <Filter>CShadeButtonST</Filter>
    </ClCompile>
    <ClCompile Include="ShadeButtonST.cpp">
      <Filter>CShadeButtonST</Filter>
    </ClCompile>
    <ClCompile Include="xDib.cpp">
      <Filter>CShadeButtonST</Filter>
    </ClCompile>
    <ClCompile Include="Define.cpp">
      <Filter>Define</Filter>
    </ClCompile>
    <ClCompile Include="jtag_flash.cpp">
      <Filter>JTAG</Filter>
    </ClCompile>
  </ItemGroup>
  <ItemGroup>
    <ResourceCompile Include="JTAGDebugger.rc">
      <Filter>리소스 파일</Filter>
    </ResourceCompile>
  </ItemGroup>
  <ItemGroup>
    <None Include="res\JTAGDebugger.rc2">
      <Filter>리소스 파일</Filter>
    </None>
  </ItemGroup>
  <ItemGroup>
    <Image Include="res\JTAGDebugger.ico">
      <Filter>리소스 파일</Filter>
    </Image>
    <Image Include="res\connect.ico">
      <Filter>리소스 파일</Filter>
    </Image>
    <Image Include="res\disconnect.ico">
      <Filter>리소스 파일</Filter>
    </Image>
    <Image Include="res\ecm_new.ico">
      <Filter>리소스 파일</Filter>
    </Image>
    <Image Include="res\logoicon_noecm.ico">
      <Filter>리소스 파일</Filter>
    </Image>
  </ItemGroup>
</Project>