
Microsoft Visual Studio Solution File, Format Version 12.00
# Visual Studio 2013
VisualStudioVersion = 12.0.40629.0
MinimumVisualStudioVersion = 10.0.40219.1
Project("{8BC9CEB8-8B4A-11D0-8D11-00A0C91BC942}") = "Downloader", "Downloader\Downloader.vcxproj", "{39506AF6-04FF-4DA9-8298-65BCEC23BAAF}"
EndProject
Project("{2150E333-8FDC-42A3-9474-1A3956D46DE8}") = "Solution Items", "Solution Items", "{877179BF-7037-43D6-AC48-31611D91E286}"
	ProjectSection(SolutionItems) = preProject
		Performance1.psess = Performance1.psess
	EndProjectSection
EndProject
Global
	GlobalSection(SolutionConfigurationPlatforms) = preSolution
		Debug|Win32 = Debug|Win32
		Release|Win32 = Release|Win32
	EndGlobalSection
	GlobalSection(ProjectConfigurationPlatforms) = postSolution
		{39506AF6-04FF-4DA9-8298-65BCEC23BAAF}.Debug|Win32.ActiveCfg = Debug|Win32
		{39506AF6-04FF-4DA9-8298-65BCEC23BAAF}.Debug|Win32.Build.0 = Debug|Win32
		{39506AF6-04FF-4DA9-8298-65BCEC23BAAF}.Release|Win32.ActiveCfg = Release|Win32
		{39506AF6-04FF-4DA9-8298-65BCEC23BAAF}.Release|Win32.Build.0 = Release|Win32
	EndGlobalSection
	GlobalSection(SolutionProperties) = preSolution
		HideSolutionNode = FALSE
	EndGlobalSection
	GlobalSection(Performance) = preSolution
		HasPerformanceSessions = true
	EndGlobalSection
EndGlobal
